// !$*UTF8*$!
{
	archiveVersion = 1;
	classes = {
	};
	objectVersion = 48;
	objects = {

/* Begin PBXBuildFile section */
		089FBDA3207BD205001A5CF8 /* StackTableViewCell.swift in Sources */ = {isa = PBXBuildFile; fileRef = 089FBDA1207BD205001A5CF8 /* StackTableViewCell.swift */; };
		089FBDA4207BD205001A5CF8 /* StackTableViewCell.xib in Resources */ = {isa = PBXBuildFile; fileRef = 089FBDA2207BD205001A5CF8 /* StackTableViewCell.xib */; };
		089FBDA6207C0C46001A5CF8 /* Events.plist in Resources */ = {isa = PBXBuildFile; fileRef = 089FBDA5207C0C46001A5CF8 /* Events.plist */; };
		089FBDA8207D3BB4001A5CF8 /* Event.swift in Sources */ = {isa = PBXBuildFile; fileRef = 089FBDA7207D3BB4001A5CF8 /* Event.swift */; };
		B763567A207AAEF90068B3A8 /* AppDelegate.swift in Sources */ = {isa = PBXBuildFile; fileRef = B7635679207AAEF90068B3A8 /* AppDelegate.swift */; };
		B7635681207AAEF90068B3A8 /* Main.storyboard in Resources */ = {isa = PBXBuildFile; fileRef = B763567F207AAEF90068B3A8 /* Main.storyboard */; };
		B7635683207AAEF90068B3A8 /* Assets.xcassets in Resources */ = {isa = PBXBuildFile; fileRef = B7635682207AAEF90068B3A8 /* Assets.xcassets */; };
		B7635686207AAEF90068B3A8 /* LaunchScreen.storyboard in Resources */ = {isa = PBXBuildFile; fileRef = B7635684207AAEF90068B3A8 /* LaunchScreen.storyboard */; };
		B7635693207AB8360068B3A8 /* MenuViewController.swift in Sources */ = {isa = PBXBuildFile; fileRef = B7635692207AB8360068B3A8 /* MenuViewController.swift */; };
		B7635695207AB8830068B3A8 /* HomeTableViewController.swift in Sources */ = {isa = PBXBuildFile; fileRef = B7635694207AB8830068B3A8 /* HomeTableViewController.swift */; };
		B799279B207E45730033571F /* NewNoteViewController.swift in Sources */ = {isa = PBXBuildFile; fileRef = B799279A207E45730033571F /* NewNoteViewController.swift */; };
		B799279D207E48AF0033571F /* ContainerViewController.swift in Sources */ = {isa = PBXBuildFile; fileRef = B799279C207E48AF0033571F /* ContainerViewController.swift */; };
/* End PBXBuildFile section */

/* Begin PBXFileReference section */
		089FBDA1207BD205001A5CF8 /* StackTableViewCell.swift */ = {isa = PBXFileReference; lastKnownFileType = sourcecode.swift; path = StackTableViewCell.swift; sourceTree = "<group>"; };
		089FBDA2207BD205001A5CF8 /* StackTableViewCell.xib */ = {isa = PBXFileReference; lastKnownFileType = file.xib; path = StackTableViewCell.xib; sourceTree = "<group>"; };
		089FBDA5207C0C46001A5CF8 /* Events.plist */ = {isa = PBXFileReference; lastKnownFileType = text.plist.xml; path = Events.plist; sourceTree = "<group>"; };
		089FBDA7207D3BB4001A5CF8 /* Event.swift */ = {isa = PBXFileReference; lastKnownFileType = sourcecode.swift; path = Event.swift; sourceTree = "<group>"; };
		B7635676207AAEF90068B3A8 /* Meetis.app */ = {isa = PBXFileReference; explicitFileType = wrapper.application; includeInIndex = 0; path = Meetis.app; sourceTree = BUILT_PRODUCTS_DIR; };
		B7635679207AAEF90068B3A8 /* AppDelegate.swift */ = {isa = PBXFileReference; lastKnownFileType = sourcecode.swift; path = AppDelegate.swift; sourceTree = "<group>"; };
		B7635680207AAEF90068B3A8 /* Base */ = {isa = PBXFileReference; lastKnownFileType = file.storyboard; name = Base; path = Base.lproj/Main.storyboard; sourceTree = "<group>"; };
		B7635682207AAEF90068B3A8 /* Assets.xcassets */ = {isa = PBXFileReference; lastKnownFileType = folder.assetcatalog; path = Assets.xcassets; sourceTree = "<group>"; };
		B7635685207AAEF90068B3A8 /* Base */ = {isa = PBXFileReference; lastKnownFileType = file.storyboard; name = Base; path = Base.lproj/LaunchScreen.storyboard; sourceTree = "<group>"; };
		B7635687207AAEF90068B3A8 /* Info.plist */ = {isa = PBXFileReference; lastKnownFileType = text.plist.xml; path = Info.plist; sourceTree = "<group>"; };
		B7635692207AB8360068B3A8 /* MenuViewController.swift */ = {isa = PBXFileReference; lastKnownFileType = sourcecode.swift; path = MenuViewController.swift; sourceTree = "<group>"; };
		B7635694207AB8830068B3A8 /* HomeTableViewController.swift */ = {isa = PBXFileReference; lastKnownFileType = sourcecode.swift; path = HomeTableViewController.swift; sourceTree = "<group>"; };
		B799279A207E45730033571F /* NewNoteViewController.swift */ = {isa = PBXFileReference; lastKnownFileType = sourcecode.swift; path = NewNoteViewController.swift; sourceTree = "<group>"; };
		B799279C207E48AF0033571F /* ContainerViewController.swift */ = {isa = PBXFileReference; lastKnownFileType = sourcecode.swift; path = ContainerViewController.swift; sourceTree = "<group>"; };
/* End PBXFileReference section */

/* Begin PBXFrameworksBuildPhase section */
		B7635673207AAEF90068B3A8 /* Frameworks */ = {
			isa = PBXFrameworksBuildPhase;
			buildActionMask = 2147483647;
			files = (
			);
			runOnlyForDeploymentPostprocessing = 0;
		};
/* End PBXFrameworksBuildPhase section */

/* Begin PBXGroup section */
		B763566D207AAEF90068B3A8 = {
			isa = PBXGroup;
			children = (
				B7635678207AAEF90068B3A8 /* Meetis */,
				B7635677207AAEF90068B3A8 /* Products */,
			);
			sourceTree = "<group>";
		};
		B7635677207AAEF90068B3A8 /* Products */ = {
			isa = PBXGroup;
			children = (
				B7635676207AAEF90068B3A8 /* Meetis.app */,
			);
			name = Products;
			sourceTree = "<group>";
		};
		B7635678207AAEF90068B3A8 /* Meetis */ = {
			isa = PBXGroup;
			children = (
				B7635679207AAEF90068B3A8 /* AppDelegate.swift */,
				B763568F207AAF2C0068B3A8 /* View Controllers */,
				B763567F207AAEF90068B3A8 /* Main.storyboard */,
				B7635682207AAEF90068B3A8 /* Assets.xcassets */,
				B7635684207AAEF90068B3A8 /* LaunchScreen.storyboard */,
				B7635687207AAEF90068B3A8 /* Info.plist */,
				089FBDA5207C0C46001A5CF8 /* Events.plist */,
				089FBDA7207D3BB4001A5CF8 /* Event.swift */,
			);
			path = Meetis;
			sourceTree = "<group>";
		};
		B763568F207AAF2C0068B3A8 /* View Controllers */ = {
			isa = PBXGroup;
			children = (
				B799279C207E48AF0033571F /* ContainerViewController.swift */,
				B7635694207AB8830068B3A8 /* HomeTableViewController.swift */,
				B7635692207AB8360068B3A8 /* MenuViewController.swift */,
				089FBDA1207BD205001A5CF8 /* StackTableViewCell.swift */,
				089FBDA2207BD205001A5CF8 /* StackTableViewCell.xib */,
				B799279A207E45730033571F /* NewNoteViewController.swift */,
			);
			path = "View Controllers";
			sourceTree = "<group>";
		};
/* End PBXGroup section */

/* Begin PBXNativeTarget section */
		B7635675207AAEF90068B3A8 /* Meetis */ = {
			isa = PBXNativeTarget;
			buildConfigurationList = B763568A207AAEF90068B3A8 /* Build configuration list for PBXNativeTarget "Meetis" */;
			buildPhases = (
				B7635672207AAEF90068B3A8 /* Sources */,
				B7635673207AAEF90068B3A8 /* Frameworks */,
				B7635674207AAEF90068B3A8 /* Resources */,
			);
			buildRules = (
			);
			dependencies = (
			);
			name = Meetis;
			productName = Meetis;
			productReference = B7635676207AAEF90068B3A8 /* Meetis.app */;
			productType = "com.apple.product-type.application";
		};
/* End PBXNativeTarget section */

/* Begin PBXProject section */
		B763566E207AAEF90068B3A8 /* Project object */ = {
			isa = PBXProject;
			attributes = {
				LastSwiftUpdateCheck = 0920;
				LastUpgradeCheck = 0920;
				ORGANIZATIONNAME = "Abey Yoseph";
				TargetAttributes = {
					B7635675207AAEF90068B3A8 = {
						CreatedOnToolsVersion = 9.2;
						ProvisioningStyle = Automatic;
					};
				};
			};
			buildConfigurationList = B7635671207AAEF90068B3A8 /* Build configuration list for PBXProject "Meetis" */;
			compatibilityVersion = "Xcode 8.0";
			developmentRegion = en;
			hasScannedForEncodings = 0;
			knownRegions = (
				en,
				Base,
			);
			mainGroup = B763566D207AAEF90068B3A8;
			productRefGroup = B7635677207AAEF90068B3A8 /* Products */;
			projectDirPath = "";
			projectRoot = "";
			targets = (
				B7635675207AAEF90068B3A8 /* Meetis */,
			);
		};
/* End PBXProject section */

/* Begin PBXResourcesBuildPhase section */
		B7635674207AAEF90068B3A8 /* Resources */ = {
			isa = PBXResourcesBuildPhase;
			buildActionMask = 2147483647;
			files = (
				089FBDA4207BD205001A5CF8 /* StackTableViewCell.xib in Resources */,
				B7635686207AAEF90068B3A8 /* LaunchScreen.storyboard in Resources */,
				B7635683207AAEF90068B3A8 /* Assets.xcassets in Resources */,
				B7635681207AAEF90068B3A8 /* Main.storyboard in Resources */,
				089FBDA6207C0C46001A5CF8 /* Events.plist in Resources */,
			);
			runOnlyForDeploymentPostprocessing = 0;
		};
/* End PBXResourcesBuildPhase section */

/* Begin PBXSourcesBuildPhase section */
		B7635672207AAEF90068B3A8 /* Sources */ = {
			isa = PBXSourcesBuildPhase;
			buildActionMask = 2147483647;
			files = (
				B7635695207AB8830068B3A8 /* HomeTableViewController.swift in Sources */,
				B763567A207AAEF90068B3A8 /* AppDelegate.swift in Sources */,
				B799279D207E48AF0033571F /* ContainerViewController.swift in Sources */,
				B799279B207E45730033571F /* NewNoteViewController.swift in Sources */,
				B7635693207AB8360068B3A8 /* MenuViewController.swift in Sources */,
				089FBDA8207D3BB4001A5CF8 /* Event.swift in Sources */,
				089FBDA3207BD205001A5CF8 /* StackTableViewCell.swift in Sources */,
			);
			runOnlyForDeploymentPostprocessing = 0;
		};
/* End PBXSourcesBuildPhase section */

/* Begin PBXVariantGroup section */
		B763567F207AAEF90068B3A8 /* Main.storyboard */ = {
			isa = PBXVariantGroup;
			children = (
				B7635680207AAEF90068B3A8 /* Base */,
			);
			name = Main.storyboard;
			sourceTree = "<group>";
		};
		B7635684207AAEF90068B3A8 /* LaunchScreen.storyboard */ = {
			isa = PBXVariantGroup;
			children = (
				B7635685207AAEF90068B3A8 /* Base */,
			);
			name = LaunchScreen.storyboard;
			sourceTree = "<group>";
		};
/* End PBXVariantGroup section */

/* Begin XCBuildConfiguration section */
		B7635688207AAEF90068B3A8 /* Debug */ = {
			isa = XCBuildConfiguration;
			buildSettings = {
				ALWAYS_SEARCH_USER_PATHS = NO;
				CLANG_ANALYZER_NONNULL = YES;
				CLANG_ANALYZER_NUMBER_OBJECT_CONVERSION = YES_AGGRESSIVE;
				CLANG_CXX_LANGUAGE_STANDARD = "gnu++14";
				CLANG_CXX_LIBRARY = "libc++";
				CLANG_ENABLE_MODULES = YES;
				CLANG_ENABLE_OBJC_ARC = YES;
				CLANG_WARN_BLOCK_CAPTURE_AUTORELEASING = YES;
				CLANG_WARN_BOOL_CONVERSION = YES;
				CLANG_WARN_COMMA = YES;
				CLANG_WARN_CONSTANT_CONVERSION = YES;
				CLANG_WARN_DIRECT_OBJC_ISA_USAGE = YES_ERROR;
				CLANG_WARN_DOCUMENTATION_COMMENTS = YES;
				CLANG_WARN_EMPTY_BODY = YES;
				CLANG_WARN_ENUM_CONVERSION = YES;
				CLANG_WARN_INFINITE_RECURSION = YES;
				CLANG_WARN_INT_CONVERSION = YES;
				CLANG_WARN_NON_LITERAL_NULL_CONVERSION = YES;
				CLANG_WARN_OBJC_LITERAL_CONVERSION = YES;
				CLANG_WARN_OBJC_ROOT_CLASS = YES_ERROR;
				CLANG_WARN_RANGE_LOOP_ANALYSIS = YES;
				CLANG_WARN_STRICT_PROTOTYPES = YES;
				CLANG_WARN_SUSPICIOUS_MOVE = YES;
				CLANG_WARN_UNGUARDED_AVAILABILITY = YES_AGGRESSIVE;
				CLANG_WARN_UNREACHABLE_CODE = YES;
				CLANG_WARN__DUPLICATE_METHOD_MATCH = YES;
				CODE_SIGN_IDENTITY = "iPhone Developer";
				COPY_PHASE_STRIP = NO;
				DEBUG_INFORMATION_FORMAT = dwarf;
				ENABLE_STRICT_OBJC_MSGSEND = YES;
				ENABLE_TESTABILITY = YES;
				GCC_C_LANGUAGE_STANDARD = gnu11;
				GCC_DYNAMIC_NO_PIC = NO;
				GCC_NO_COMMON_BLOCKS = YES;
				GCC_OPTIMIZATION_LEVEL = 0;
				GCC_PREPROCESSOR_DEFINITIONS = (
					"DEBUG=1",
					"$(inherited)",
				);
				GCC_WARN_64_TO_32_BIT_CONVERSION = YES;
				GCC_WARN_ABOUT_RETURN_TYPE = YES_ERROR;
				GCC_WARN_UNDECLARED_SELECTOR = YES;
				GCC_WARN_UNINITIALIZED_AUTOS = YES_AGGRESSIVE;
				GCC_WARN_UNUSED_FUNCTION = YES;
				GCC_WARN_UNUSED_VARIABLE = YES;
				IPHONEOS_DEPLOYMENT_TARGET = 11.2;
				MTL_ENABLE_DEBUG_INFO = YES;
				ONLY_ACTIVE_ARCH = YES;
				SDKROOT = iphoneos;
				SWIFT_ACTIVE_COMPILATION_CONDITIONS = DEBUG;
				SWIFT_OPTIMIZATION_LEVEL = "-Onone";
			};
			name = Debug;
		};
		B7635689207AAEF90068B3A8 /* Release */ = {
			isa = XCBuildConfiguration;
			buildSettings = {
				ALWAYS_SEARCH_USER_PATHS = NO;
				CLANG_ANALYZER_NONNULL = YES;
				CLANG_ANALYZER_NUMBER_OBJECT_CONVERSION = YES_AGGRESSIVE;
				CLANG_CXX_LANGUAGE_STANDARD = "gnu++14";
				CLANG_CXX_LIBRARY = "libc++";
				CLANG_ENABLE_MODULES = YES;
				CLANG_ENABLE_OBJC_ARC = YES;
				CLANG_WARN_BLOCK_CAPTURE_AUTORELEASING = YES;
				CLANG_WARN_BOOL_CONVERSION = YES;
				CLANG_WARN_COMMA = YES;
				CLANG_WARN_CONSTANT_CONVERSION = YES;
				CLANG_WARN_DIRECT_OBJC_ISA_USAGE = YES_ERROR;
				CLANG_WARN_DOCUMENTATION_COMMENTS = YES;
				CLANG_WARN_EMPTY_BODY = YES;
				CLANG_WARN_ENUM_CONVERSION = YES;
				CLANG_WARN_INFINITE_RECURSION = YES;
				CLANG_WARN_INT_CONVERSION = YES;
				CLANG_WARN_NON_LITERAL_NULL_CONVERSION = YES;
				CLANG_WARN_OBJC_LITERAL_CONVERSION = YES;
				CLANG_WARN_OBJC_ROOT_CLASS = YES_ERROR;
				CLANG_WARN_RANGE_LOOP_ANALYSIS = YES;
				CLANG_WARN_STRICT_PROTOTYPES = YES;
				CLANG_WARN_SUSPICIOUS_MOVE = YES;
				CLANG_WARN_UNGUARDED_AVAILABILITY = YES_AGGRESSIVE;
				CLANG_WARN_UNREACHABLE_CODE = YES;
				CLANG_WARN__DUPLICATE_METHOD_MATCH = YES;
				CODE_SIGN_IDENTITY = "iPhone Developer";
				COPY_PHASE_STRIP = NO;
				DEBUG_INFORMATION_FORMAT = "dwarf-with-dsym";
				ENABLE_NS_ASSERTIONS = NO;
				ENABLE_STRICT_OBJC_MSGSEND = YES;
				GCC_C_LANGUAGE_STANDARD = gnu11;
				GCC_NO_COMMON_BLOCKS = YES;
				GCC_WARN_64_TO_32_BIT_CONVERSION = YES;
				GCC_WARN_ABOUT_RETURN_TYPE = YES_ERROR;
				GCC_WARN_UNDECLARED_SELECTOR = YES;
				GCC_WARN_UNINITIALIZED_AUTOS = YES_AGGRESSIVE;
				GCC_WARN_UNUSED_FUNCTION = YES;
				GCC_WARN_UNUSED_VARIABLE = YES;
				IPHONEOS_DEPLOYMENT_TARGET = 11.2;
				MTL_ENABLE_DEBUG_INFO = NO;
				SDKROOT = iphoneos;
				SWIFT_OPTIMIZATION_LEVEL = "-Owholemodule";
				VALIDATE_PRODUCT = YES;
			};
			name = Release;
		};
		B763568B207AAEF90068B3A8 /* Debug */ = {
			isa = XCBuildConfiguration;
			buildSettings = {
				ASSETCATALOG_COMPILER_APPICON_NAME = AppIcon;
				CODE_SIGN_STYLE = Automatic;
				DEVELOPMENT_TEAM = U3465V32BF;
				INFOPLIST_FILE = Meetis/Info.plist;
				LD_RUNPATH_SEARCH_PATHS = "$(inherited) @executable_path/Frameworks";
				PRODUCT_BUNDLE_IDENTIFIER = com.abeyyoseph.Meetis;
				PRODUCT_NAME = "$(TARGET_NAME)";
				SWIFT_VERSION = 4.0;
				TARGETED_DEVICE_FAMILY = "1,2";
			};
			name = Debug;
		};
		B763568C207AAEF90068B3A8 /* Release */ = {
			isa = XCBuildConfiguration;
			buildSettings = {
				ASSETCATALOG_COMPILER_APPICON_NAME = AppIcon;
				CODE_SIGN_STYLE = Automatic;
				DEVELOPMENT_TEAM = U3465V32BF;
				INFOPLIST_FILE = Meetis/Info.plist;
				LD_RUNPATH_SEARCH_PATHS = "$(inherited) @executable_path/Frameworks";
				PRODUCT_BUNDLE_IDENTIFIER = com.abeyyoseph.Meetis;
				PRODUCT_NAME = "$(TARGET_NAME)";
				SWIFT_VERSION = 4.0;
				TARGETED_DEVICE_FAMILY = "1,2";
			};
			name = Release;
		};
/* End XCBuildConfiguration section */

/* Begin XCConfigurationList section */
		B7635671207AAEF90068B3A8 /* Build configuration list for PBXProject "Meetis" */ = {
			isa = XCConfigurationList;
			buildConfigurations = (
				B7635688207AAEF90068B3A8 /* Debug */,
				B7635689207AAEF90068B3A8 /* Release */,
			);
			defaultConfigurationIsVisible = 0;
			defaultConfigurationName = Release;
		};
		B763568A207AAEF90068B3A8 /* Build configuration list for PBXNativeTarget "Meetis" */ = {
			isa = XCConfigurationList;
			buildConfigurations = (
				B763568B207AAEF90068B3A8 /* Debug */,
				B763568C207AAEF90068B3A8 /* Release */,
			);
			defaultConfigurationIsVisible = 0;
			defaultConfigurationName = Release;
		};
/* End XCConfigurationList section */
	};
	rootObject = B763566E207AAEF90068B3A8 /* Project object */;
}
